
Microsoft Visual Studio Solution File, Format Version 11.00
# Visual Studio Version 17

Project("{8BC9CEB8-8B4A-11D0-8D11-00A0C91BC942}") = "SpectralSuite - Standalone Plugin", "SpectralSuite_StandalonePlugin.vcxproj", "{C0734F16-EF07-EC08-A6BD-FD0961E0A79F}"
	ProjectSection(ProjectDependencies) = postProject
		{36D2EFBB-AF55-295D-1C2D-0B5C7C4C4499} = {36D2EFBB-AF55-295D-1C2D-0B5C7C4C4499}
	EndProjectSection
EndProject
Project("{8BC9CEB8-8B4A-11D0-8D11-00A0C91BC942}") = "SpectralSuite - VST", "SpectralSuite_VST.vcxproj", "{BEFF15DD-9874-B855-0287-28D67A6BC1CF}"
	ProjectSection(ProjectDependencies) = postProject
		{36D2EFBB-AF55-295D-1C2D-0B5C7C4C4499} = {36D2EFBB-AF55-295D-1C2D-0B5C7C4C4499}
	EndProjectSection
EndProject
Project("{8BC9CEB8-8B4A-11D0-8D11-00A0C91BC942}") = "SpectralSuite - VST3", "SpectralSuite_VST3.vcxproj", "{5A7A96BB-7308-CD2B-1583-D6BD211BD79D}"
	ProjectSection(ProjectDependencies) = postProject
		{36D2EFBB-AF55-295D-1C2D-0B5C7C4C4499} = {36D2EFBB-AF55-295D-1C2D-0B5C7C4C4499}
	EndProjectSection
EndProject
Project("{8BC9CEB8-8B4A-11D0-8D11-00A0C91BC942}") = "SpectralSuite - Shared Code", "SpectralSuite_SharedCode.vcxproj", "{36D2EFBB-AF55-295D-1C2D-0B5C7C4C4499}"
EndProject
Global
	GlobalSection(SolutionConfigurationPlatforms) = preSolution
		Debug|x64 = Debug|x64
		Release|x64 = Release|x64
	EndGlobalSection
	GlobalSection(ProjectConfigurationPlatforms) = postSolution
		{BEFF15DD-9874-B855-0287-28D67A6BC1CF}.Debug|x64.ActiveCfg = Debug|x64
		{BEFF15DD-9874-B855-0287-28D67A6BC1CF}.Debug|x64.Build.0 = Debug|x64
		{BEFF15DD-9874-B855-0287-28D67A6BC1CF}.Release|x64.ActiveCfg = Release|x64
		{BEFF15DD-9874-B855-0287-28D67A6BC1CF}.Release|x64.Build.0 = Release|x64
		{5A7A96BB-7308-CD2B-1583-D6BD211BD79D}.Debug|x64.ActiveCfg = Debug|x64
		{5A7A96BB-7308-CD2B-1583-D6BD211BD79D}.Debug|x64.Build.0 = Debug|x64
		{5A7A96BB-7308-CD2B-1583-D6BD211BD79D}.Release|x64.ActiveCfg = Release|x64
		{5A7A96BB-7308-CD2B-1583-D6BD211BD79D}.Release|x64.Build.0 = Release|x64
		{C0734F16-EF07-EC08-A6BD-FD0961E0A79F}.Debug|x64.ActiveCfg = Debug|x64
		{C0734F16-EF07-EC08-A6BD-FD0961E0A79F}.Debug|x64.Build.0 = Debug|x64
		{C0734F16-EF07-EC08-A6BD-FD0961E0A79F}.Release|x64.ActiveCfg = Release|x64
		{C0734F16-EF07-EC08-A6BD-FD0961E0A79F}.Release|x64.Build.0 = Release|x64
		{36D2EFBB-AF55-295D-1C2D-0B5C7C4C4499}.Debug|x64.ActiveCfg = Debug|x64
		{36D2EFBB-AF55-295D-1C2D-0B5C7C4C4499}.Debug|x64.Build.0 = Debug|x64
		{36D2EFBB-AF55-295D-1C2D-0B5C7C4C4499}.Release|x64.ActiveCfg = Release|x64
		{36D2EFBB-AF55-295D-1C2D-0B5C7C4C4499}.Release|x64.Build.0 = Release|x64
	EndGlobalSection
	GlobalSection(SolutionProperties) = preSolution
		HideSolutionNode = FALSE
	EndGlobalSection
EndGlobal
